
Microsoft Visual Studio Solution File, Format Version 12.00
# Visual Studio Version 16
VisualStudioVersion = 16.0.29215.179
MinimumVisualStudioVersion = 10.0.40219.1
Project("{FAE04EC0-301F-11D3-BF4B-00C04F79EFBC}") = "PaymentConsoleApp", "PaymentConsoleApp\PaymentConsoleApp.csproj", "{BC9F1B63-5A1F-4E87-BABC-AEB7D4832BD6}"
EndProject
Global
	GlobalSection(SolutionConfigurationPlatforms) = preSolution
		Debug|Any CPU = Debug|Any CPU
		Release|Any CPU = Release|Any CPU
	EndGlobalSection
	GlobalSection(ProjectConfigurationPlatforms) = postSolution
		{BC9F1B63-5A1F-4E87-BABC-AEB7D4832BD6}.Debug|Any CPU.ActiveCfg = Debug|Any CPU
		{BC9F1B63-5A1F-4E87-BABC-AEB7D4832BD6}.Debug|Any CPU.Build.0 = Debug|Any CPU
		{BC9F1B63-5A1F-4E87-BABC-AEB7D4832BD6}.Release|Any CPU.ActiveCfg = Release|Any CPU
		{BC9F1B63-5A1F-4E87-BABC-AEB7D4832BD6}.Release|Any CPU.Build.0 = Release|Any CPU
	EndGlobalSection
	GlobalSection(SolutionProperties) = preSolution
		HideSolutionNode = FALSE
	EndGlobalSection
	GlobalSection(ExtensibilityGlobals) = postSolution
		SolutionGuid = {714F8D8D-8C31-4696-A2FF-254702579729}
	EndGlobalSection
EndGlobal
